// !$*UTF8*$!
{
	archiveVersion = 1;
	classes = {
	};
	objectVersion = 46;
	objects = {

/* Begin PBXBuildFile section */
		C2767AE11C8C991500103557 /* HMPhotoBrowserController.m in Sources */ = {isa = PBXBuildFile; fileRef = C2767AE01C8C991500103557 /* HMPhotoBrowserController.m */; };
		C2767AFF1C8CA2BD00103557 /* 1.jpg in Resources */ = {isa = PBXBuildFile; fileRef = C2767AF61C8CA2BD00103557 /* 1.jpg */; };
		C2767B001C8CA2BD00103557 /* 2.jpg in Resources */ = {isa = PBXBuildFile; fileRef = C2767AF71C8CA2BD00103557 /* 2.jpg */; };
		C2767B011C8CA2BD00103557 /* 3.jpg in Resources */ = {isa = PBXBuildFile; fileRef = C2767AF81C8CA2BD00103557 /* 3.jpg */; };
		C2767B021C8CA2BD00103557 /* 4.jpg in Resources */ = {isa = PBXBuildFile; fileRef = C2767AF91C8CA2BD00103557 /* 4.jpg */; };
		C2767B031C8CA2BD00103557 /* 5.jpg in Resources */ = {isa = PBXBuildFile; fileRef = C2767AFA1C8CA2BD00103557 /* 5.jpg */; };
		C2767B041C8CA2BD00103557 /* 6.jpg in Resources */ = {isa = PBXBuildFile; fileRef = C2767AFB1C8CA2BD00103557 /* 6.jpg */; };
		C2767B051C8CA2BD00103557 /* 7.jpg in Resources */ = {isa = PBXBuildFile; fileRef = C2767AFC1C8CA2BD00103557 /* 7.jpg */; };
		C2767B061C8CA2BD00103557 /* 8.jpg in Resources */ = {isa = PBXBuildFile; fileRef = C2767AFD1C8CA2BD00103557 /* 8.jpg */; };
		C2767B071C8CA2BD00103557 /* 9.jpg in Resources */ = {isa = PBXBuildFile; fileRef = C2767AFE1C8CA2BD00103557 /* 9.jpg */; };
		C2767B0E1C8CA33000103557 /* MainViewController.m in Sources */ = {isa = PBXBuildFile; fileRef = C2767B0D1C8CA33000103557 /* MainViewController.m */; };
		C2D471501C8C6B5A00E84457 /* main.m in Sources */ = {isa = PBXBuildFile; fileRef = C2D4714F1C8C6B5A00E84457 /* main.m */; };
		C2D471531C8C6B5A00E84457 /* AppDelegate.m in Sources */ = {isa = PBXBuildFile; fileRef = C2D471521C8C6B5A00E84457 /* AppDelegate.m */; };
		C2D471591C8C6B5A00E84457 /* Main.storyboard in Resources */ = {isa = PBXBuildFile; fileRef = C2D471571C8C6B5A00E84457 /* Main.storyboard */; };
		C2D4715B1C8C6B5A00E84457 /* Assets.xcassets in Resources */ = {isa = PBXBuildFile; fileRef = C2D4715A1C8C6B5A00E84457 /* Assets.xcassets */; };
		C2D4715E1C8C6B5A00E84457 /* LaunchScreen.storyboard in Resources */ = {isa = PBXBuildFile; fileRef = C2D4715C1C8C6B5A00E84457 /* LaunchScreen.storyboard */; };
/* End PBXBuildFile section */

/* Begin PBXFileReference section */
		C2767ADF1C8C991500103557 /* HMPhotoBrowserController.h */ = {isa = PBXFileReference; fileEncoding = 4; lastKnownFileType = sourcecode.c.h; path = HMPhotoBrowserController.h; sourceTree = "<group>"; };
		C2767AE01C8C991500103557 /* HMPhotoBrowserController.m */ = {isa = PBXFileReference; fileEncoding = 4; lastKnownFileType = sourcecode.c.objc; path = HMPhotoBrowserController.m; sourceTree = "<group>"; };
		C2767AF61C8CA2BD00103557 /* 1.jpg */ = {isa = PBXFileReference; lastKnownFileType = image.jpeg; path = 1.jpg; sourceTree = "<group>"; };
		C2767AF71C8CA2BD00103557 /* 2.jpg */ = {isa = PBXFileReference; lastKnownFileType = image.jpeg; path = 2.jpg; sourceTree = "<group>"; };
		C2767AF81C8CA2BD00103557 /* 3.jpg */ = {isa = PBXFileReference; lastKnownFileType = image.jpeg; path = 3.jpg; sourceTree = "<group>"; };
		C2767AF91C8CA2BD00103557 /* 4.jpg */ = {isa = PBXFileReference; lastKnownFileType = image.jpeg; path = 4.jpg; sourceTree = "<group>"; };
		C2767AFA1C8CA2BD00103557 /* 5.jpg */ = {isa = PBXFileReference; lastKnownFileType = image.jpeg; path = 5.jpg; sourceTree = "<group>"; };
		C2767AFB1C8CA2BD00103557 /* 6.jpg */ = {isa = PBXFileReference; lastKnownFileType = image.jpeg; path = 6.jpg; sourceTree = "<group>"; };
		C2767AFC1C8CA2BD00103557 /* 7.jpg */ = {isa = PBXFileReference; lastKnownFileType = image.jpeg; path = 7.jpg; sourceTree = "<group>"; };
		C2767AFD1C8CA2BD00103557 /* 8.jpg */ = {isa = PBXFileReference; lastKnownFileType = image.jpeg; path = 8.jpg; sourceTree = "<group>"; };
		C2767AFE1C8CA2BD00103557 /* 9.jpg */ = {isa = PBXFileReference; lastKnownFileType = image.jpeg; path = 9.jpg; sourceTree = "<group>"; };
		C2767B0C1C8CA33000103557 /* MainViewController.h */ = {isa = PBXFileReference; fileEncoding = 4; lastKnownFileType = sourcecode.c.h; path = MainViewController.h; sourceTree = "<group>"; };
		C2767B0D1C8CA33000103557 /* MainViewController.m */ = {isa = PBXFileReference; fileEncoding = 4; lastKnownFileType = sourcecode.c.objc; path = MainViewController.m; sourceTree = "<group>"; };
		C2D4714B1C8C6B5A00E84457 /* HMPhotoBrowser.app */ = {isa = PBXFileReference; explicitFileType = wrapper.application; includeInIndex = 0; path = HMPhotoBrowser.app; sourceTree = BUILT_PRODUCTS_DIR; };
		C2D4714F1C8C6B5A00E84457 /* main.m */ = {isa = PBXFileReference; lastKnownFileType = sourcecode.c.objc; path = main.m; sourceTree = "<group>"; };
		C2D471511C8C6B5A00E84457 /* AppDelegate.h */ = {isa = PBXFileReference; lastKnownFileType = sourcecode.c.h; path = AppDelegate.h; sourceTree = "<group>"; };
		C2D471521C8C6B5A00E84457 /* AppDelegate.m */ = {isa = PBXFileReference; lastKnownFileType = sourcecode.c.objc; path = AppDelegate.m; sourceTree = "<group>"; };
		C2D471581C8C6B5A00E84457 /* Base */ = {isa = PBXFileReference; lastKnownFileType = file.storyboard; name = Base; path = Base.lproj/Main.storyboard; sourceTree = "<group>"; };
		C2D4715A1C8C6B5A00E84457 /* Assets.xcassets */ = {isa = PBXFileReference; lastKnownFileType = folder.assetcatalog; path = Assets.xcassets; sourceTree = "<group>"; };
		C2D4715D1C8C6B5A00E84457 /* Base */ = {isa = PBXFileReference; lastKnownFileType = file.storyboard; name = Base; path = Base.lproj/LaunchScreen.storyboard; sourceTree = "<group>"; };
		C2D4715F1C8C6B5A00E84457 /* Info.plist */ = {isa = PBXFileReference; lastKnownFileType = text.plist.xml; path = Info.plist; sourceTree = "<group>"; };
/* End PBXFileReference section */

/* Begin PBXFrameworksBuildPhase section */
		C2D471481C8C6B5A00E84457 /* Frameworks */ = {
			isa = PBXFrameworksBuildPhase;
			buildActionMask = 2147483647;
			files = (
			);
			runOnlyForDeploymentPostprocessing = 0;
		};
/* End PBXFrameworksBuildPhase section */

/* Begin PBXGroup section */
		C2767ADB1C8C98CB00103557 /* PhotoBrowser */ = {
			isa = PBXGroup;
			children = (
				C2767ADF1C8C991500103557 /* HMPhotoBrowserController.h */,
				C2767AE01C8C991500103557 /* HMPhotoBrowserController.m */,
			);
			path = PhotoBrowser;
			sourceTree = "<group>";
		};
		C2767AF51C8CA2BD00103557 /* images */ = {
			isa = PBXGroup;
			children = (
				C2767AF61C8CA2BD00103557 /* 1.jpg */,
				C2767AF71C8CA2BD00103557 /* 2.jpg */,
				C2767AF81C8CA2BD00103557 /* 3.jpg */,
				C2767AF91C8CA2BD00103557 /* 4.jpg */,
				C2767AFA1C8CA2BD00103557 /* 5.jpg */,
				C2767AFB1C8CA2BD00103557 /* 6.jpg */,
				C2767AFC1C8CA2BD00103557 /* 7.jpg */,
				C2767AFD1C8CA2BD00103557 /* 8.jpg */,
				C2767AFE1C8CA2BD00103557 /* 9.jpg */,
			);
			path = images;
			sourceTree = "<group>";
		};
		C2D471421C8C6B5A00E84457 = {
			isa = PBXGroup;
			children = (
				C2D4714D1C8C6B5A00E84457 /* HMPhotoBrowser */,
				C2D4714C1C8C6B5A00E84457 /* Products */,
			);
			sourceTree = "<group>";
		};
		C2D4714C1C8C6B5A00E84457 /* Products */ = {
			isa = PBXGroup;
			children = (
				C2D4714B1C8C6B5A00E84457 /* HMPhotoBrowser.app */,
			);
			name = Products;
			sourceTree = "<group>";
		};
		C2D4714D1C8C6B5A00E84457 /* HMPhotoBrowser */ = {
			isa = PBXGroup;
			children = (
				C2767ADB1C8C98CB00103557 /* PhotoBrowser */,
				C2D471511C8C6B5A00E84457 /* AppDelegate.h */,
				C2D471521C8C6B5A00E84457 /* AppDelegate.m */,
				C2767B0C1C8CA33000103557 /* MainViewController.h */,
				C2767B0D1C8CA33000103557 /* MainViewController.m */,
				C2D471571C8C6B5A00E84457 /* Main.storyboard */,
				C2767AF51C8CA2BD00103557 /* images */,
				C2D4715A1C8C6B5A00E84457 /* Assets.xcassets */,
				C2D4715C1C8C6B5A00E84457 /* LaunchScreen.storyboard */,
				C2D4715F1C8C6B5A00E84457 /* Info.plist */,
				C2D4714E1C8C6B5A00E84457 /* Supporting Files */,
			);
			path = HMPhotoBrowser;
			sourceTree = "<group>";
		};
		C2D4714E1C8C6B5A00E84457 /* Supporting Files */ = {
			isa = PBXGroup;
			children = (
				C2D4714F1C8C6B5A00E84457 /* main.m */,
			);
			name = "Supporting Files";
			sourceTree = "<group>";
		};
/* End PBXGroup section */

/* Begin PBXNativeTarget section */
		C2D4714A1C8C6B5A00E84457 /* HMPhotoBrowser */ = {
			isa = PBXNativeTarget;
			buildConfigurationList = C2D471621C8C6B5A00E84457 /* Build configuration list for PBXNativeTarget "HMPhotoBrowser" */;
			buildPhases = (
				C2D471471C8C6B5A00E84457 /* Sources */,
				C2D471481C8C6B5A00E84457 /* Frameworks */,
				C2D471491C8C6B5A00E84457 /* Resources */,
			);
			buildRules = (
			);
			dependencies = (
			);
			name = HMPhotoBrowser;
			productName = HMPhotoBrowser;
			productReference = C2D4714B1C8C6B5A00E84457 /* HMPhotoBrowser.app */;
			productType = "com.apple.product-type.application";
		};
/* End PBXNativeTarget section */

/* Begin PBXProject section */
		C2D471431C8C6B5A00E84457 /* Project object */ = {
			isa = PBXProject;
			attributes = {
				LastUpgradeCheck = 0720;
				ORGANIZATIONNAME = itcast;
				TargetAttributes = {
					C2D4714A1C8C6B5A00E84457 = {
						CreatedOnToolsVersion = 7.2.1;
					};
				};
			};
			buildConfigurationList = C2D471461C8C6B5A00E84457 /* Build configuration list for PBXProject "HMPhotoBrowser" */;
			compatibilityVersion = "Xcode 3.2";
			developmentRegion = English;
			hasScannedForEncodings = 0;
			knownRegions = (
				en,
				Base,
			);
			mainGroup = C2D471421C8C6B5A00E84457;
			productRefGroup = C2D4714C1C8C6B5A00E84457 /* Products */;
			projectDirPath = "";
			projectRoot = "";
			targets = (
				C2D4714A1C8C6B5A00E84457 /* HMPhotoBrowser */,
			);
		};
/* End PBXProject section */

/* Begin PBXResourcesBuildPhase section */
		C2D471491C8C6B5A00E84457 /* Resources */ = {
			isa = PBXResourcesBuildPhase;
			buildActionMask = 2147483647;
			files = (
				C2767B061C8CA2BD00103557 /* 8.jpg in Resources */,
				C2767B041C8CA2BD00103557 /* 6.jpg in Resources */,
				C2D4715E1C8C6B5A00E84457 /* LaunchScreen.storyboard in Resources */,
				C2767B031C8CA2BD00103557 /* 5.jpg in Resources */,
				C2767B021C8CA2BD00103557 /* 4.jpg in Resources */,
				C2767AFF1C8CA2BD00103557 /* 1.jpg in Resources */,
				C2767B001C8CA2BD00103557 /* 2.jpg in Resources */,
				C2767B011C8CA2BD00103557 /* 3.jpg in Resources */,
				C2767B051C8CA2BD00103557 /* 7.jpg in Resources */,
				C2767B071C8CA2BD00103557 /* 9.jpg in Resources */,
				C2D4715B1C8C6B5A00E84457 /* Assets.xcassets in Resources */,
				C2D471591C8C6B5A00E84457 /* Main.storyboard in Resources */,
			);
			runOnlyForDeploymentPostprocessing = 0;
		};
/* End PBXResourcesBuildPhase section */

/* Begin PBXSourcesBuildPhase section */
		C2D471471C8C6B5A00E84457 /* Sources */ = {
			isa = PBXSourcesBuildPhase;
			buildActionMask = 2147483647;
			files = (
				C2767AE11C8C991500103557 /* HMPhotoBrowserController.m in Sources */,
				C2D471531C8C6B5A00E84457 /* AppDelegate.m in Sources */,
				C2767B0E1C8CA33000103557 /* MainViewController.m in Sources */,
				C2D471501C8C6B5A00E84457 /* main.m in Sources */,
			);
			runOnlyForDeploymentPostprocessing = 0;
		};
/* End PBXSourcesBuildPhase section */

/* Begin PBXVariantGroup section */
		C2D471571C8C6B5A00E84457 /* Main.storyboard */ = {
			isa = PBXVariantGroup;
			children = (
				C2D471581C8C6B5A00E84457 /* Base */,
			);
			name = Main.storyboard;
			sourceTree = "<group>";
		};
		C2D4715C1C8C6B5A00E84457 /* LaunchScreen.storyboard */ = {
			isa = PBXVariantGroup;
			children = (
				C2D4715D1C8C6B5A00E84457 /* Base */,
			);
			name = LaunchScreen.storyboard;
			sourceTree = "<group>";
		};
/* End PBXVariantGroup section */

/* Begin XCBuildConfiguration section */
		C2D471601C8C6B5A00E84457 /* Debug */ = {
			isa = XCBuildConfiguration;
			buildSettings = {
				ALWAYS_SEARCH_USER_PATHS = NO;
				CLANG_CXX_LANGUAGE_STANDARD = "gnu++0x";
				CLANG_CXX_LIBRARY = "libc++";
				CLANG_ENABLE_MODULES = YES;
				CLANG_ENABLE_OBJC_ARC = YES;
				CLANG_WARN_BOOL_CONVERSION = YES;
				CLANG_WARN_CONSTANT_CONVERSION = YES;
				CLANG_WARN_DIRECT_OBJC_ISA_USAGE = YES_ERROR;
				CLANG_WARN_EMPTY_BODY = YES;
				CLANG_WARN_ENUM_CONVERSION = YES;
				CLANG_WARN_INT_CONVERSION = YES;
				CLANG_WARN_OBJC_ROOT_CLASS = YES_ERROR;
				CLANG_WARN_UNREACHABLE_CODE = YES;
				CLANG_WARN__DUPLICATE_METHOD_MATCH = YES;
				"CODE_SIGN_IDENTITY[sdk=iphoneos*]" = "iPhone Developer";
				COPY_PHASE_STRIP = NO;
				DEBUG_INFORMATION_FORMAT = dwarf;
				ENABLE_STRICT_OBJC_MSGSEND = YES;
				ENABLE_TESTABILITY = YES;
				GCC_C_LANGUAGE_STANDARD = gnu99;
				GCC_DYNAMIC_NO_PIC = NO;
				GCC_NO_COMMON_BLOCKS = YES;
				GCC_OPTIMIZATION_LEVEL = 0;
				GCC_PREPROCESSOR_DEFINITIONS = (
					"DEBUG=1",
					"$(inherited)",
				);
				GCC_WARN_64_TO_32_BIT_CONVERSION = YES;
				GCC_WARN_ABOUT_RETURN_TYPE = YES_ERROR;
				GCC_WARN_UNDECLARED_SELECTOR = YES;
				GCC_WARN_UNINITIALIZED_AUTOS = YES_AGGRESSIVE;
				GCC_WARN_UNUSED_FUNCTION = YES;
				GCC_WARN_UNUSED_VARIABLE = YES;
				IPHONEOS_DEPLOYMENT_TARGET = 9.2;
				MTL_ENABLE_DEBUG_INFO = YES;
				ONLY_ACTIVE_ARCH = YES;
				SDKROOT = iphoneos;
			};
			name = Debug;
		};
		C2D471611C8C6B5A00E84457 /* Release */ = {
			isa = XCBuildConfiguration;
			buildSettings = {
				ALWAYS_SEARCH_USER_PATHS = NO;
				CLANG_CXX_LANGUAGE_STANDARD = "gnu++0x";
				CLANG_CXX_LIBRARY = "libc++";
				CLANG_ENABLE_MODULES = YES;
				CLANG_ENABLE_OBJC_ARC = YES;
				CLANG_WARN_BOOL_CONVERSION = YES;
				CLANG_WARN_CONSTANT_CONVERSION = YES;
				CLANG_WARN_DIRECT_OBJC_ISA_USAGE = YES_ERROR;
				CLANG_WARN_EMPTY_BODY = YES;
				CLANG_WARN_ENUM_CONVERSION = YES;
				CLANG_WARN_INT_CONVERSION = YES;
				CLANG_WARN_OBJC_ROOT_CLASS = YES_ERROR;
				CLANG_WARN_UNREACHABLE_CODE = YES;
				CLANG_WARN__DUPLICATE_METHOD_MATCH = YES;
				"CODE_SIGN_IDENTITY[sdk=iphoneos*]" = "iPhone Developer";
				COPY_PHASE_STRIP = NO;
				DEBUG_INFORMATION_FORMAT = "dwarf-with-dsym";
				ENABLE_NS_ASSERTIONS = NO;
				ENABLE_STRICT_OBJC_MSGSEND = YES;
				GCC_C_LANGUAGE_STANDARD = gnu99;
				GCC_NO_COMMON_BLOCKS = YES;
				GCC_WARN_64_TO_32_BIT_CONVERSION = YES;
				GCC_WARN_ABOUT_RETURN_TYPE = YES_ERROR;
				GCC_WARN_UNDECLARED_SELECTOR = YES;
				GCC_WARN_UNINITIALIZED_AUTOS = YES_AGGRESSIVE;
				GCC_WARN_UNUSED_FUNCTION = YES;
				GCC_WARN_UNUSED_VARIABLE = YES;
				IPHONEOS_DEPLOYMENT_TARGET = 9.2;
				MTL_ENABLE_DEBUG_INFO = NO;
				SDKROOT = iphoneos;
				VALIDATE_PRODUCT = YES;
			};
			name = Release;
		};
		C2D471631C8C6B5A00E84457 /* Debug */ = {
			isa = XCBuildConfiguration;
			buildSettings = {
				ASSETCATALOG_COMPILER_APPICON_NAME = AppIcon;
				INFOPLIST_FILE = HMPhotoBrowser/Info.plist;
				LD_RUNPATH_SEARCH_PATHS = "$(inherited) @executable_path/Frameworks";
				PRODUCT_BUNDLE_IDENTIFIER = cn.itcast.HMPhotoBrowser;
				PRODUCT_NAME = "$(TARGET_NAME)";
			};
			name = Debug;
		};
		C2D471641C8C6B5A00E84457 /* Release */ = {
			isa = XCBuildConfiguration;
			buildSettings = {
				ASSETCATALOG_COMPILER_APPICON_NAME = AppIcon;
				INFOPLIST_FILE = HMPhotoBrowser/Info.plist;
				LD_RUNPATH_SEARCH_PATHS = "$(inherited) @executable_path/Frameworks";
				PRODUCT_BUNDLE_IDENTIFIER = cn.itcast.HMPhotoBrowser;
				PRODUCT_NAME = "$(TARGET_NAME)";
			};
			name = Release;
		};
/* End XCBuildConfiguration section */

/* Begin XCConfigurationList section */
		C2D471461C8C6B5A00E84457 /* Build configuration list for PBXProject "HMPhotoBrowser" */ = {
			isa = XCConfigurationList;
			buildConfigurations = (
				C2D471601C8C6B5A00E84457 /* Debug */,
				C2D471611C8C6B5A00E84457 /* Release */,
			);
			defaultConfigurationIsVisible = 0;
			defaultConfigurationName = Release;
		};
		C2D471621C8C6B5A00E84457 /* Build configuration list for PBXNativeTarget "HMPhotoBrowser" */ = {
			isa = XCConfigurationList;
			buildConfigurations = (
				C2D471631C8C6B5A00E84457 /* Debug */,
				C2D471641C8C6B5A00E84457 /* Release */,
			);
			defaultConfigurationIsVisible = 0;
			defaultConfigurationName = Release;
		};
/* End XCConfigurationList section */
	};
	rootObject = C2D471431C8C6B5A00E84457 /* Project object */;
}
